
Microsoft Visual Studio Solution File, Format Version 12.00
# Visual Studio Version 17
VisualStudioVersion = 17.11.35327.3
MinimumVisualStudioVersion = 10.0.40219.1
Project("{FAE04EC0-301F-11D3-BF4B-00C04F79EFBC}") = "AppLayer", "AppLayer\AppLayer.csproj", "{A1C237AD-EFBC-4462-9022-4BBD326E1D41}"
EndProject
Project("{FAE04EC0-301F-11D3-BF4B-00C04F79EFBC}") = "BLL", "BLL\BLL.csproj", "{296053F1-7B19-499A-ACC4-A686C5E8BB14}"
EndProject
Project("{FAE04EC0-301F-11D3-BF4B-00C04F79EFBC}") = "DAL", "DAL\DAL.csproj", "{E0BE1118-7E77-4C7E-A81A-E32DD0F6225B}"
EndProject
Global
	GlobalSection(SolutionConfigurationPlatforms) = preSolution
		Debug|Any CPU = Debug|Any CPU
		Release|Any CPU = Release|Any CPU
	EndGlobalSection
	GlobalSection(ProjectConfigurationPlatforms) = postSolution
		{A1C237AD-EFBC-4462-9022-4BBD326E1D41}.Debug|Any CPU.ActiveCfg = Debug|Any CPU
		{A1C237AD-EFBC-4462-9022-4BBD326E1D41}.Debug|Any CPU.Build.0 = Debug|Any CPU
		{A1C237AD-EFBC-4462-9022-4BBD326E1D41}.Release|Any CPU.ActiveCfg = Release|Any CPU
		{A1C237AD-EFBC-4462-9022-4BBD326E1D41}.Release|Any CPU.Build.0 = Release|Any CPU
		{296053F1-7B19-499A-ACC4-A686C5E8BB14}.Debug|Any CPU.ActiveCfg = Debug|Any CPU
		{296053F1-7B19-499A-ACC4-A686C5E8BB14}.Debug|Any CPU.Build.0 = Debug|Any CPU
		{296053F1-7B19-499A-ACC4-A686C5E8BB14}.Release|Any CPU.ActiveCfg = Release|Any CPU
		{296053F1-7B19-499A-ACC4-A686C5E8BB14}.Release|Any CPU.Build.0 = Release|Any CPU
		{E0BE1118-7E77-4C7E-A81A-E32DD0F6225B}.Debug|Any CPU.ActiveCfg = Debug|Any CPU
		{E0BE1118-7E77-4C7E-A81A-E32DD0F6225B}.Debug|Any CPU.Build.0 = Debug|Any CPU
		{E0BE1118-7E77-4C7E-A81A-E32DD0F6225B}.Release|Any CPU.ActiveCfg = Release|Any CPU
		{E0BE1118-7E77-4C7E-A81A-E32DD0F6225B}.Release|Any CPU.Build.0 = Release|Any CPU
	EndGlobalSection
	GlobalSection(SolutionProperties) = preSolution
		HideSolutionNode = FALSE
	EndGlobalSection
	GlobalSection(ExtensibilityGlobals) = postSolution
		SolutionGuid = {AC175C96-1523-4F3B-A731-C2646B43A692}
	EndGlobalSection
EndGlobal
